
Microsoft Visual Studio Solution File, Format Version 12.00
# Visual Studio Version 16
VisualStudioVersion = 16.0.30804.86
MinimumVisualStudioVersion = 10.0.40219.1
Project("{9A19103F-16F7-4668-BE54-9A1E7A4F7556}") = "Cwi.Treinamento.TesteAutomatizado.Domain", "Cwi.Treinamento.TesteAutomatizado.Domain\Cwi.Treinamento.TesteAutomatizado.Domain.csproj", "{F9D55E12-B827-44DA-9745-B1B1348EB381}"
EndProject
Project("{9A19103F-16F7-4668-BE54-9A1E7A4F7556}") = "Cwi.Treinamento.TesteAutomatizado.IoC", "Cwi.Treinamento.TesteAutomatizado.IoC\Cwi.Treinamento.TesteAutomatizado.IoC.csproj", "{77358731-1F15-462D-A6FD-72787D947BA0}"
EndProject
Project("{9A19103F-16F7-4668-BE54-9A1E7A4F7556}") = "Cwi.Treinamento.TesteAutomatizado.Infra", "Cwi.Treinamento.TesteAutomatizado.Infra\Cwi.Treinamento.TesteAutomatizado.Infra.csproj", "{B9230FEE-F381-4A36-8FFA-AB8A03B169A8}"
EndProject
Project("{9A19103F-16F7-4668-BE54-9A1E7A4F7556}") = "Cwi.Treinamento.TesteAutomatizado.Repository", "Cwi.Treinamento.TesteAutomatizado.Repository\Cwi.Treinamento.TesteAutomatizado.Repository.csproj", "{47E53ABD-208E-4DF9-8053-AFD514E691E1}"
EndProject
Project("{9A19103F-16F7-4668-BE54-9A1E7A4F7556}") = "Cwi.Treinamento.TesteAutomatizado.WebApi", "Cwi.Treinamento.TesteAutomatizado.WebApi\Cwi.Treinamento.TesteAutomatizado.WebApi.csproj", "{A1EBC334-3A22-4E3A-A012-97213DB56C19}"
EndProject
Global
	GlobalSection(SolutionConfigurationPlatforms) = preSolution
		Debug|Any CPU = Debug|Any CPU
		Release|Any CPU = Release|Any CPU
	EndGlobalSection
	GlobalSection(ProjectConfigurationPlatforms) = postSolution
		{F9D55E12-B827-44DA-9745-B1B1348EB381}.Debug|Any CPU.ActiveCfg = Debug|Any CPU
		{F9D55E12-B827-44DA-9745-B1B1348EB381}.Debug|Any CPU.Build.0 = Debug|Any CPU
		{F9D55E12-B827-44DA-9745-B1B1348EB381}.Release|Any CPU.ActiveCfg = Release|Any CPU
		{F9D55E12-B827-44DA-9745-B1B1348EB381}.Release|Any CPU.Build.0 = Release|Any CPU
		{77358731-1F15-462D-A6FD-72787D947BA0}.Debug|Any CPU.ActiveCfg = Debug|Any CPU
		{77358731-1F15-462D-A6FD-72787D947BA0}.Debug|Any CPU.Build.0 = Debug|Any CPU
		{77358731-1F15-462D-A6FD-72787D947BA0}.Release|Any CPU.ActiveCfg = Release|Any CPU
		{77358731-1F15-462D-A6FD-72787D947BA0}.Release|Any CPU.Build.0 = Release|Any CPU
		{B9230FEE-F381-4A36-8FFA-AB8A03B169A8}.Debug|Any CPU.ActiveCfg = Debug|Any CPU
		{B9230FEE-F381-4A36-8FFA-AB8A03B169A8}.Debug|Any CPU.Build.0 = Debug|Any CPU
		{B9230FEE-F381-4A36-8FFA-AB8A03B169A8}.Release|Any CPU.ActiveCfg = Release|Any CPU
		{B9230FEE-F381-4A36-8FFA-AB8A03B169A8}.Release|Any CPU.Build.0 = Release|Any CPU
		{47E53ABD-208E-4DF9-8053-AFD514E691E1}.Debug|Any CPU.ActiveCfg = Debug|Any CPU
		{47E53ABD-208E-4DF9-8053-AFD514E691E1}.Debug|Any CPU.Build.0 = Debug|Any CPU
		{47E53ABD-208E-4DF9-8053-AFD514E691E1}.Release|Any CPU.ActiveCfg = Release|Any CPU
		{47E53ABD-208E-4DF9-8053-AFD514E691E1}.Release|Any CPU.Build.0 = Release|Any CPU
		{A1EBC334-3A22-4E3A-A012-97213DB56C19}.Debug|Any CPU.ActiveCfg = Debug|Any CPU
		{A1EBC334-3A22-4E3A-A012-97213DB56C19}.Debug|Any CPU.Build.0 = Debug|Any CPU
		{A1EBC334-3A22-4E3A-A012-97213DB56C19}.Release|Any CPU.ActiveCfg = Release|Any CPU
		{A1EBC334-3A22-4E3A-A012-97213DB56C19}.Release|Any CPU.Build.0 = Release|Any CPU
	EndGlobalSection
	GlobalSection(SolutionProperties) = preSolution
		HideSolutionNode = FALSE
	EndGlobalSection
	GlobalSection(ExtensibilityGlobals) = postSolution
		SolutionGuid = {8DCAB539-9276-41C5-9751-72D518ACEB38}
	EndGlobalSection
EndGlobal
